
Microsoft Visual Studio Solution File, Format Version 12.00
# Visual Studio Version 16
VisualStudioVersion = 16.0.31025.194
MinimumVisualStudioVersion = 10.0.40219.1
Project("{2150E333-8FDC-42A3-9474-1A3956D46DE8}") = "src", "src", "{AE09CCA5-1429-412C-AA4A-BDFE0D9D44B8}"
EndProject
Project("{2150E333-8FDC-42A3-9474-1A3956D46DE8}") = "Cache", "Cache", "{D2E758E1-D9D0-46AA-83DF-123543BA22E5}"
EndProject
Project("{2150E333-8FDC-42A3-9474-1A3956D46DE8}") = "ERP", "ERP", "{DDA25A56-BBE1-4C6D-A5E2-DC57F41BDA8D}"
EndProject
Project("{E53339B2-1760-4266-BCC7-CA923CBCF16C}") = "docker-compose", "docker-compose.dcproj", "{44D10E5E-29DA-4838-8884-B44B60F97F95}"
EndProject
Project("{9A19103F-16F7-4668-BE54-9A1E7A4F7556}") = "Cache.API", "src\Cache\Cache.API\Cache.API.csproj", "{97243CBB-7D78-4ED9-9D86-233ADD83D3BE}"
EndProject
Project("{9A19103F-16F7-4668-BE54-9A1E7A4F7556}") = "JPSAGE-ERP.Application", "src\ERP\JPSAGE-ERP.Application\JPSAGE-ERP.Application.csproj", "{FE0D51A0-E371-47C4-8537-9E43E04DC461}"
EndProject
Project("{9A19103F-16F7-4668-BE54-9A1E7A4F7556}") = "JPSAGE-ERP.Domain", "src\ERP\JPSAGE-ERP.Domain\JPSAGE-ERP.Domain.csproj", "{B6C71FBC-1AFA-4136-9020-54F5D69F8371}"
EndProject
Project("{9A19103F-16F7-4668-BE54-9A1E7A4F7556}") = "JPSAGE-ERP.Infrastructure.Data", "src\ERP\JPSAGE-ERP.Infrastructure.Data\JPSAGE-ERP.Infrastructure.Data.csproj", "{6140E9F4-0E7A-4493-B200-0C178D2FC0AD}"
EndProject
Project("{9A19103F-16F7-4668-BE54-9A1E7A4F7556}") = "JPSAGE-ERP.Infrastructure.IoC", "src\ERP\JPSAGE-ERP.Infrastructure.IoC\JPSAGE-ERP.Infrastructure.IoC.csproj", "{AAEBBF5C-D1B9-4E31-A28D-239008F5ECB8}"
EndProject
Project("{9A19103F-16F7-4668-BE54-9A1E7A4F7556}") = "JPSAGE-ERP.WebAPI", "src\ERP\JPSAGE-ERP.WebAPI\JPSAGE-ERP.WebAPI.csproj", "{167D5EA0-53F9-40D5-87CB-0D22C3E021B3}"
EndProject
Project("{9A19103F-16F7-4668-BE54-9A1E7A4F7556}") = "JPSAGE-ERP.XUnitTest", "src\ERP\JPSAGE-ERP.XUnitTest\JPSAGE-ERP.XUnitTest.csproj", "{BA379936-A218-4FBE-AA7F-1C682AB7B401}"
EndProject
Project("{2150E333-8FDC-42A3-9474-1A3956D46DE8}") = "EventBus", "EventBus", "{FF934153-0017-4F65-A827-0D5ED73B2801}"
EndProject
Project("{FAE04EC0-301F-11D3-BF4B-00C04F79EFBC}") = "ERP.EventBus", "src\EventBus\ERP.EventBus\ERP.EventBus.csproj", "{D0069A6A-D453-4F0E-9458-DA20CFC36302}"
EndProject
Global
	GlobalSection(SolutionConfigurationPlatforms) = preSolution
		Debug|Any CPU = Debug|Any CPU
		Release|Any CPU = Release|Any CPU
	EndGlobalSection
	GlobalSection(ProjectConfigurationPlatforms) = postSolution
		{44D10E5E-29DA-4838-8884-B44B60F97F95}.Debug|Any CPU.ActiveCfg = Debug|Any CPU
		{44D10E5E-29DA-4838-8884-B44B60F97F95}.Debug|Any CPU.Build.0 = Debug|Any CPU
		{44D10E5E-29DA-4838-8884-B44B60F97F95}.Release|Any CPU.ActiveCfg = Release|Any CPU
		{44D10E5E-29DA-4838-8884-B44B60F97F95}.Release|Any CPU.Build.0 = Release|Any CPU
		{97243CBB-7D78-4ED9-9D86-233ADD83D3BE}.Debug|Any CPU.ActiveCfg = Debug|Any CPU
		{97243CBB-7D78-4ED9-9D86-233ADD83D3BE}.Debug|Any CPU.Build.0 = Debug|Any CPU
		{97243CBB-7D78-4ED9-9D86-233ADD83D3BE}.Release|Any CPU.ActiveCfg = Release|Any CPU
		{97243CBB-7D78-4ED9-9D86-233ADD83D3BE}.Release|Any CPU.Build.0 = Release|Any CPU
		{FE0D51A0-E371-47C4-8537-9E43E04DC461}.Debug|Any CPU.ActiveCfg = Debug|Any CPU
		{FE0D51A0-E371-47C4-8537-9E43E04DC461}.Debug|Any CPU.Build.0 = Debug|Any CPU
		{FE0D51A0-E371-47C4-8537-9E43E04DC461}.Release|Any CPU.ActiveCfg = Release|Any CPU
		{FE0D51A0-E371-47C4-8537-9E43E04DC461}.Release|Any CPU.Build.0 = Release|Any CPU
		{B6C71FBC-1AFA-4136-9020-54F5D69F8371}.Debug|Any CPU.ActiveCfg = Debug|Any CPU
		{B6C71FBC-1AFA-4136-9020-54F5D69F8371}.Debug|Any CPU.Build.0 = Debug|Any CPU
		{B6C71FBC-1AFA-4136-9020-54F5D69F8371}.Release|Any CPU.ActiveCfg = Release|Any CPU
		{B6C71FBC-1AFA-4136-9020-54F5D69F8371}.Release|Any CPU.Build.0 = Release|Any CPU
		{6140E9F4-0E7A-4493-B200-0C178D2FC0AD}.Debug|Any CPU.ActiveCfg = Debug|Any CPU
		{6140E9F4-0E7A-4493-B200-0C178D2FC0AD}.Debug|Any CPU.Build.0 = Debug|Any CPU
		{6140E9F4-0E7A-4493-B200-0C178D2FC0AD}.Release|Any CPU.ActiveCfg = Release|Any CPU
		{6140E9F4-0E7A-4493-B200-0C178D2FC0AD}.Release|Any CPU.Build.0 = Release|Any CPU
		{AAEBBF5C-D1B9-4E31-A28D-239008F5ECB8}.Debug|Any CPU.ActiveCfg = Debug|Any CPU
		{AAEBBF5C-D1B9-4E31-A28D-239008F5ECB8}.Debug|Any CPU.Build.0 = Debug|Any CPU
		{AAEBBF5C-D1B9-4E31-A28D-239008F5ECB8}.Release|Any CPU.ActiveCfg = Release|Any CPU
		{AAEBBF5C-D1B9-4E31-A28D-239008F5ECB8}.Release|Any CPU.Build.0 = Release|Any CPU
		{167D5EA0-53F9-40D5-87CB-0D22C3E021B3}.Debug|Any CPU.ActiveCfg = Debug|Any CPU
		{167D5EA0-53F9-40D5-87CB-0D22C3E021B3}.Debug|Any CPU.Build.0 = Debug|Any CPU
		{167D5EA0-53F9-40D5-87CB-0D22C3E021B3}.Release|Any CPU.ActiveCfg = Release|Any CPU
		{167D5EA0-53F9-40D5-87CB-0D22C3E021B3}.Release|Any CPU.Build.0 = Release|Any CPU
		{BA379936-A218-4FBE-AA7F-1C682AB7B401}.Debug|Any CPU.ActiveCfg = Debug|Any CPU
		{BA379936-A218-4FBE-AA7F-1C682AB7B401}.Debug|Any CPU.Build.0 = Debug|Any CPU
		{BA379936-A218-4FBE-AA7F-1C682AB7B401}.Release|Any CPU.ActiveCfg = Release|Any CPU
		{BA379936-A218-4FBE-AA7F-1C682AB7B401}.Release|Any CPU.Build.0 = Release|Any CPU
		{D0069A6A-D453-4F0E-9458-DA20CFC36302}.Debug|Any CPU.ActiveCfg = Debug|Any CPU
		{D0069A6A-D453-4F0E-9458-DA20CFC36302}.Debug|Any CPU.Build.0 = Debug|Any CPU
		{D0069A6A-D453-4F0E-9458-DA20CFC36302}.Release|Any CPU.ActiveCfg = Release|Any CPU
		{D0069A6A-D453-4F0E-9458-DA20CFC36302}.Release|Any CPU.Build.0 = Release|Any CPU
	EndGlobalSection
	GlobalSection(SolutionProperties) = preSolution
		HideSolutionNode = FALSE
	EndGlobalSection
	GlobalSection(NestedProjects) = preSolution
		{D2E758E1-D9D0-46AA-83DF-123543BA22E5} = {AE09CCA5-1429-412C-AA4A-BDFE0D9D44B8}
		{DDA25A56-BBE1-4C6D-A5E2-DC57F41BDA8D} = {AE09CCA5-1429-412C-AA4A-BDFE0D9D44B8}
		{97243CBB-7D78-4ED9-9D86-233ADD83D3BE} = {D2E758E1-D9D0-46AA-83DF-123543BA22E5}
		{FE0D51A0-E371-47C4-8537-9E43E04DC461} = {DDA25A56-BBE1-4C6D-A5E2-DC57F41BDA8D}
		{B6C71FBC-1AFA-4136-9020-54F5D69F8371} = {DDA25A56-BBE1-4C6D-A5E2-DC57F41BDA8D}
		{6140E9F4-0E7A-4493-B200-0C178D2FC0AD} = {DDA25A56-BBE1-4C6D-A5E2-DC57F41BDA8D}
		{AAEBBF5C-D1B9-4E31-A28D-239008F5ECB8} = {DDA25A56-BBE1-4C6D-A5E2-DC57F41BDA8D}
		{167D5EA0-53F9-40D5-87CB-0D22C3E021B3} = {DDA25A56-BBE1-4C6D-A5E2-DC57F41BDA8D}
		{BA379936-A218-4FBE-AA7F-1C682AB7B401} = {DDA25A56-BBE1-4C6D-A5E2-DC57F41BDA8D}
		{FF934153-0017-4F65-A827-0D5ED73B2801} = {AE09CCA5-1429-412C-AA4A-BDFE0D9D44B8}
		{D0069A6A-D453-4F0E-9458-DA20CFC36302} = {FF934153-0017-4F65-A827-0D5ED73B2801}
	EndGlobalSection
	GlobalSection(ExtensibilityGlobals) = postSolution
		SolutionGuid = {4215B4E6-ACFC-4891-AAA1-0F42BEE720B5}
	EndGlobalSection
EndGlobal
